
Microsoft Visual Studio Solution File, Format Version 12.00
# Visual Studio 15
VisualStudioVersion = 15.0.28307.106
MinimumVisualStudioVersion = 10.0.40219.1
Project("{FAE04EC0-301F-11D3-BF4B-00C04F79EFBC}") = "Bus Stop Guide", "Bus Stop Guide\Bus Stop Guide.csproj", "{88380767-C3EA-409C-85B9-15CC60AD05FA}"
EndProject
Global
	GlobalSection(SolutionConfigurationPlatforms) = preSolution
		Debug|Any CPU = Debug|Any CPU
		Release|Any CPU = Release|Any CPU
	EndGlobalSection
	GlobalSection(ProjectConfigurationPlatforms) = postSolution
		{88380767-C3EA-409C-85B9-15CC60AD05FA}.Debug|Any CPU.ActiveCfg = Debug|Any CPU
		{88380767-C3EA-409C-85B9-15CC60AD05FA}.Debug|Any CPU.Build.0 = Debug|Any CPU
		{88380767-C3EA-409C-85B9-15CC60AD05FA}.Release|Any CPU.ActiveCfg = Release|Any CPU
		{88380767-C3EA-409C-85B9-15CC60AD05FA}.Release|Any CPU.Build.0 = Release|Any CPU
	EndGlobalSection
	GlobalSection(SolutionProperties) = preSolution
		HideSolutionNode = FALSE
	EndGlobalSection
	GlobalSection(ExtensibilityGlobals) = postSolution
		SolutionGuid = {D50DFC86-B936-4E9A-9F40-A939016D9DB7}
	EndGlobalSection
EndGlobal
